
Microsoft Visual Studio Solution File, Format Version 12.00
# Visual Studio Version 18
VisualStudioVersion = 18.3.11520.95 d18.3
MinimumVisualStudioVersion = 10.0.40219.1
Project("{FAE04EC0-301F-11D3-BF4B-00C04F79EFBC}") = "OpenAiExample", "OpenAiExample.csproj", "{EF960359-8B28-8AFB-5F46-5541F544614E}"
EndProject
Global
	GlobalSection(SolutionConfigurationPlatforms) = preSolution
		Debug|Any CPU = Debug|Any CPU
		Release|Any CPU = Release|Any CPU
	EndGlobalSection
	GlobalSection(ProjectConfigurationPlatforms) = postSolution
		{EF960359-8B28-8AFB-5F46-5541F544614E}.Debug|Any CPU.ActiveCfg = Debug|Any CPU
		{EF960359-8B28-8AFB-5F46-5541F544614E}.Debug|Any CPU.Build.0 = Debug|Any CPU
		{EF960359-8B28-8AFB-5F46-5541F544614E}.Release|Any CPU.ActiveCfg = Release|Any CPU
		{EF960359-8B28-8AFB-5F46-5541F544614E}.Release|Any CPU.Build.0 = Release|Any CPU
	EndGlobalSection
	GlobalSection(SolutionProperties) = preSolution
		HideSolutionNode = FALSE
	EndGlobalSection
	GlobalSection(ExtensibilityGlobals) = postSolution
		SolutionGuid = {FC9BD355-77E8-4052-978D-CA22035CBF82}
	EndGlobalSection
EndGlobal
